
Microsoft Visual Studio Solution File, Format Version 12.00
# Visual Studio 2013
VisualStudioVersion = 12.0.30110.0
MinimumVisualStudioVersion = 10.0.40219.1
Project("{FAE04EC0-301F-11D3-BF4B-00C04F79EFBC}") = "SlikMusik.Tests", "SlikMusik.Tests\SlikMusik.Tests.csproj", "{067CBFCE-C510-4A2D-83F6-10610EC7A944}"
EndProject
Project("{2150E333-8FDC-42A3-9474-1A3956D46DE8}") = ".nuget", ".nuget", "{13F85F15-C43F-4956-99EF-0F02F2D0F399}"
	ProjectSection(SolutionItems) = preProject
		.nuget\packages.config = .nuget\packages.config
	EndProjectSection
EndProject
Project("{2150E333-8FDC-42A3-9474-1A3956D46DE8}") = "Solution Items", "Solution Items", "{CCD493DA-0BF2-44F9-9DFF-78A44F795EA3}"
	ProjectSection(SolutionItems) = preProject
		License.txt = License.txt
		Readme.md = Readme.md
	EndProjectSection
EndProject
Project("{FAE04EC0-301F-11D3-BF4B-00C04F79EFBC}") = "SlikMusik", "SlikMusik\SlikMusik.csproj", "{8853C5B7-67DC-486C-A25B-9F5DF6F5FF4C}"
EndProject
Project("{FAE04EC0-301F-11D3-BF4B-00C04F79EFBC}") = "SlikMusik.Domain", "SlikMusik.Domain\SlikMusik.Domain.csproj", "{5E457DB2-DAEC-4C96-8002-A2328CBF39F2}"
EndProject
Global
	GlobalSection(SolutionConfigurationPlatforms) = preSolution
		Debug|Any CPU = Debug|Any CPU
		Release|Any CPU = Release|Any CPU
	EndGlobalSection
	GlobalSection(ProjectConfigurationPlatforms) = postSolution
		{067CBFCE-C510-4A2D-83F6-10610EC7A944}.Debug|Any CPU.ActiveCfg = Debug|Any CPU
		{067CBFCE-C510-4A2D-83F6-10610EC7A944}.Debug|Any CPU.Build.0 = Debug|Any CPU
		{067CBFCE-C510-4A2D-83F6-10610EC7A944}.Release|Any CPU.ActiveCfg = Release|Any CPU
		{067CBFCE-C510-4A2D-83F6-10610EC7A944}.Release|Any CPU.Build.0 = Release|Any CPU
		{8853C5B7-67DC-486C-A25B-9F5DF6F5FF4C}.Debug|Any CPU.ActiveCfg = Debug|Any CPU
		{8853C5B7-67DC-486C-A25B-9F5DF6F5FF4C}.Debug|Any CPU.Build.0 = Debug|Any CPU
		{8853C5B7-67DC-486C-A25B-9F5DF6F5FF4C}.Release|Any CPU.ActiveCfg = Release|Any CPU
		{8853C5B7-67DC-486C-A25B-9F5DF6F5FF4C}.Release|Any CPU.Build.0 = Release|Any CPU
		{5E457DB2-DAEC-4C96-8002-A2328CBF39F2}.Debug|Any CPU.ActiveCfg = Debug|Any CPU
		{5E457DB2-DAEC-4C96-8002-A2328CBF39F2}.Debug|Any CPU.Build.0 = Debug|Any CPU
		{5E457DB2-DAEC-4C96-8002-A2328CBF39F2}.Release|Any CPU.ActiveCfg = Release|Any CPU
		{5E457DB2-DAEC-4C96-8002-A2328CBF39F2}.Release|Any CPU.Build.0 = Release|Any CPU
	EndGlobalSection
	GlobalSection(SolutionProperties) = preSolution
		HideSolutionNode = FALSE
	EndGlobalSection
EndGlobal
